{
  "originHash" : "f5a40797f59fd19394b3f4acde0287da3c22afda0e38c79c6c4671e14bfb6814",
  "pins" : [
    {
      "identity" : "lib-ui-apple",
      "kind" : "remoteSourceControl",
      "location" : "https://github.com/Brent-Tunnicliff/lib-ui-apple",
      "state" : {
        "branch" : "main",
        "revision" : "af0954cca3029e00113dd0487b1415027078a150"
      }
    },
    {
      "identity" : "lib-userdefaults-apple",
      "kind" : "remoteSourceControl",
      "location" : "https://github.com/Brent-Tunnicliff/lib-userdefaults-apple",
      "state" : {
        "revision" : "74f689106ba64836c0a36fdb3956366b8128a9a3",
        "version" : "1.0.0-beta.2"
      }
    },
    {
      "identity" : "snapshottestingheic",
      "kind" : "remoteSourceControl",
      "location" : "https://github.com/alexey1312/SnapshotTestingHEIC.git",
      "state" : {
        "revision" : "ef2b0e0ada05230a383a367193aadd5754d1857d",
        "version" : "1.6.0"
      }
    },
    {
      "identity" : "swift-algorithms",
      "kind" : "remoteSourceControl",
      "location" : "https://github.com/apple/swift-algorithms",
      "state" : {
        "revision" : "87e50f483c54e6efd60e885f7f5aa946cee68023",
        "version" : "1.2.1"
      }
    },
    {
      "identity" : "swift-custom-dump",
      "kind" : "remoteSourceControl",
      "location" : "https://github.com/pointfreeco/swift-custom-dump",
      "state" : {
        "revision" : "82645ec760917961cfa08c9c0c7104a57a0fa4b1",
        "version" : "1.3.3"
      }
    },
    {
      "identity" : "swift-format-plugin",
      "kind" : "remoteSourceControl",
      "location" : "https://github.com/Brent-Tunnicliff/swift-format-plugin",
      "state" : {
        "revision" : "4783d8fefdc95e7ee7edde17ae505cc871be6e85",
        "version" : "2.0.2"
      }
    },
    {
      "identity" : "swift-numerics",
      "kind" : "remoteSourceControl",
      "location" : "https://github.com/apple/swift-numerics.git",
      "state" : {
        "revision" : "0c0290ff6b24942dadb83a929ffaaa1481df04a2",
        "version" : "1.1.1"
      }
    },
    {
      "identity" : "swift-snapshot-testing",
      "kind" : "remoteSourceControl",
      "location" : "https://github.com/pointfreeco/swift-snapshot-testing",
      "state" : {
        "revision" : "a8b7c5e0ed33d8ab8887d1654d9b59f2cbad529b",
        "version" : "1.18.7"
      }
    },
    {
      "identity" : "swift-syntax",
      "kind" : "remoteSourceControl",
      "location" : "https://github.com/swiftlang/swift-syntax",
      "state" : {
        "revision" : "4799286537280063c85a32f09884cfbca301b1a1",
        "version" : "602.0.0"
      }
    },
    {
      "identity" : "xctest-dynamic-overlay",
      "kind" : "remoteSourceControl",
      "location" : "https://github.com/pointfreeco/xctest-dynamic-overlay",
      "state" : {
        "revision" : "31073495cae9caf243c440eac94b3ab067e3d7bc",
        "version" : "1.8.0"
      }
    }
  ],
  "version" : 3
}
