{
  "originHash" : "034dbcffdea9454855920c82be3fedc44bcf3e8aae41afc2eb0813b0a0dc5ae6",
  "pins" : [
    {
      "identity" : "swift-format-plugin",
      "kind" : "remoteSourceControl",
      "location" : "https://github.com/Brent-Tunnicliff/swift-format-plugin",
      "state" : {
        "revision" : "8dc2cebcb58e287f87b5292e519d0ca78ad5933c",
        "version" : "2.0.1"
      }
    }
  ],
  "version" : 3
}
