{
  "originHash" : "15d87863eba64f5af68841ffc348caac607df5bdb7d2f3b8072b14ecd9b37b71",
  "pins" : [
    {
      "identity" : "lib-ui-apple",
      "kind" : "remoteSourceControl",
      "location" : "https://github.com/Brent-Tunnicliff/lib-ui-apple",
      "state" : {
        "branch" : "main",
        "revision" : "af0954cca3029e00113dd0487b1415027078a150"
      }
    },
    {
      "identity" : "lib-userdefaults-apple",
      "kind" : "remoteSourceControl",
      "location" : "https://github.com/Brent-Tunnicliff/lib-userdefaults-apple",
      "state" : {
        "revision" : "74f689106ba64836c0a36fdb3956366b8128a9a3",
        "version" : "1.0.0-beta.2"
      }
    },
    {
      "identity" : "swift-algorithms",
      "kind" : "remoteSourceControl",
      "location" : "https://github.com/apple/swift-algorithms",
      "state" : {
        "revision" : "87e50f483c54e6efd60e885f7f5aa946cee68023",
        "version" : "1.2.1"
      }
    },
    {
      "identity" : "swift-format-plugin",
      "kind" : "remoteSourceControl",
      "location" : "https://github.com/Brent-Tunnicliff/swift-format-plugin",
      "state" : {
        "revision" : "4783d8fefdc95e7ee7edde17ae505cc871be6e85",
        "version" : "2.0.2"
      }
    },
    {
      "identity" : "swift-numerics",
      "kind" : "remoteSourceControl",
      "location" : "https://github.com/apple/swift-numerics.git",
      "state" : {
        "revision" : "0c0290ff6b24942dadb83a929ffaaa1481df04a2",
        "version" : "1.1.1"
      }
    }
  ],
  "version" : 3
}
