{
  "originHash" : "9258b62bf915bc49ff8e766e141dae4640a197cbf17597f56d292d71e5a1abfa",
  "pins" : [
    {
      "identity" : "lib-userdefaults-apple",
      "kind" : "remoteSourceControl",
      "location" : "https://github.com/Brent-Tunnicliff/lib-userdefaults-apple",
      "state" : {
        "revision" : "74f689106ba64836c0a36fdb3956366b8128a9a3",
        "version" : "1.0.0-beta.2"
      }
    },
    {
      "identity" : "swift-format-plugin",
      "kind" : "remoteSourceControl",
      "location" : "https://github.com/Brent-Tunnicliff/swift-format-plugin",
      "state" : {
        "revision" : "8dc2cebcb58e287f87b5292e519d0ca78ad5933c",
        "version" : "2.0.1"
      }
    }
  ],
  "version" : 3
}
