{
  "originHash" : "22e6a4826c00c73e78fd4215bb0ad619ba931813ae74ebb63965d3ffa59c0f03",
  "pins" : [
    {
      "identity" : "swift-format-plugin",
      "kind" : "remoteSourceControl",
      "location" : "https://github.com/Brent-Tunnicliff/swift-format-plugin",
      "state" : {
        "revision" : "8dc2cebcb58e287f87b5292e519d0ca78ad5933c",
        "version" : "2.0.1"
      }
    }
  ],
  "version" : 3
}
