// !$*UTF8*$!
{
	archiveVersion = 1;
	classes = {
	};
	objectVersion = 90;
	objects = {

/* Begin PBXBuildFile section */
		8428364C2E994B4E002CC697 /* Logging in Frameworks */ = {isa = PBXBuildFile; productRef = 8428364B2E994B4E002CC697 /* Logging */; };
		842836512E994B52002CC697 /* LoggingUI in Frameworks */ = {isa = PBXBuildFile; productRef = 842836502E994B52002CC697 /* LoggingUI */; };
		8428366B2E994BC1002CC697 /* CommonDemo.framework in Frameworks */ = {isa = PBXBuildFile; fileRef = 842835F82E994A0E002CC697 /* CommonDemo.framework */; };
		8428366C2E994BC1002CC697 /* CommonDemo.framework in Embed Frameworks */ = {isa = PBXBuildFile; fileRef = 842835F82E994A0E002CC697 /* CommonDemo.framework */; settings = {ATTRIBUTES = (CodeSignOnCopy, RemoveHeadersOnCopy, ); }; };
		842836722E994BCC002CC697 /* CommonDemo.framework in Frameworks */ = {isa = PBXBuildFile; fileRef = 842835F82E994A0E002CC697 /* CommonDemo.framework */; };
		842836732E994BCC002CC697 /* CommonDemo.framework in Embed Frameworks */ = {isa = PBXBuildFile; fileRef = 842835F82E994A0E002CC697 /* CommonDemo.framework */; settings = {ATTRIBUTES = (CodeSignOnCopy, RemoveHeadersOnCopy, ); }; };
		84CE22082D71C3D200960F13 /* Demo Watch App.app in Embed Watch Content */ = {isa = PBXBuildFile; fileRef = 84CE21FB2D71C3D100960F13 /* Demo Watch App.app */; platformFilter = ios; settings = {ATTRIBUTES = (RemoveHeadersOnCopy, ); }; };
		84ED2C3A2EEEE94D00D85746 /* CommonUI in Frameworks */ = {isa = PBXBuildFile; productRef = 84ED2C392EEEE94D00D85746 /* CommonUI */; };
/* End PBXBuildFile section */

/* Begin PBXContainerItemProxy section */
		8428366D2E994BC1002CC697 /* PBXContainerItemProxy */ = {
			isa = PBXContainerItemProxy;
			containerPortal = 845797642C9EED48001B833D /* Project object */;
			proxyType = 1;
			remoteGlobalIDString = 842835F72E994A0E002CC697;
			remoteInfo = CommonDemo;
		};
		842836742E994BCC002CC697 /* PBXContainerItemProxy */ = {
			isa = PBXContainerItemProxy;
			containerPortal = 845797642C9EED48001B833D /* Project object */;
			proxyType = 1;
			remoteGlobalIDString = 842835F72E994A0E002CC697;
			remoteInfo = CommonDemo;
		};
		84CE22062D71C3D200960F13 /* PBXContainerItemProxy */ = {
			isa = PBXContainerItemProxy;
			containerPortal = 845797642C9EED48001B833D /* Project object */;
			proxyType = 1;
			remoteGlobalIDString = 84CE21FA2D71C3D100960F13;
			remoteInfo = "Demo Watch App";
		};
		84DE35792E11430500A5326A /* PBXContainerItemProxy */ = {
			isa = PBXContainerItemProxy;
			containerPortal = 845797642C9EED48001B833D /* Project object */;
			proxyType = 1;
			remoteGlobalIDString = 8457976B2C9EED48001B833D;
			remoteInfo = Demo;
		};
/* End PBXContainerItemProxy section */

/* Begin PBXCopyFilesBuildPhase section */
		842836762E994BCC002CC697 /* Embed Frameworks */ = {
			isa = PBXCopyFilesBuildPhase;
			dstPath = "";
			dstSubfolder = Frameworks;
			files = (
				842836732E994BCC002CC697 /* CommonDemo.framework in Embed Frameworks */,
			);
			name = "Embed Frameworks";
		};
		84CE21A32D707D5400960F13 /* Embed Watch Content */ = {
			isa = PBXCopyFilesBuildPhase;
			dstPath = "$(CONTENTS_FOLDER_PATH)/Watch";
			dstSubfolder = Product;
			files = (
				84CE22082D71C3D200960F13 /* Demo Watch App.app in Embed Watch Content */,
			);
			name = "Embed Watch Content";
		};
		84CE21BA2D707E7300960F13 /* Embed Frameworks */ = {
			isa = PBXCopyFilesBuildPhase;
			dstPath = "";
			dstSubfolder = Frameworks;
			files = (
				8428366C2E994BC1002CC697 /* CommonDemo.framework in Embed Frameworks */,
			);
			name = "Embed Frameworks";
		};
/* End PBXCopyFilesBuildPhase section */

/* Begin PBXFileReference section */
		842835F82E994A0E002CC697 /* CommonDemo.framework */ = {isa = PBXFileReference; explicitFileType = wrapper.framework; includeInIndex = 0; path = CommonDemo.framework; sourceTree = BUILT_PRODUCTS_DIR; };
		8457976C2C9EED48001B833D /* Demo.app */ = {isa = PBXFileReference; explicitFileType = wrapper.application; includeInIndex = 0; path = Demo.app; sourceTree = BUILT_PRODUCTS_DIR; };
		84CE21FB2D71C3D100960F13 /* Demo Watch App.app */ = {isa = PBXFileReference; explicitFileType = wrapper.application; includeInIndex = 0; path = "Demo Watch App.app"; sourceTree = BUILT_PRODUCTS_DIR; };
		84DE35732E11430500A5326A /* SettingsUITests.xctest */ = {isa = PBXFileReference; explicitFileType = wrapper.cfbundle; includeInIndex = 0; path = SettingsUITests.xctest; sourceTree = BUILT_PRODUCTS_DIR; };
/* End PBXFileReference section */

/* Begin PBXFileSystemSynchronizedRootGroup section */
		842835F92E994A0E002CC697 /* CommonDemo */ = {
			isa = PBXFileSystemSynchronizedRootGroup;
			path = CommonDemo;
			sourceTree = "<group>";
		};
		8457976E2C9EED48001B833D /* Demo */ = {
			isa = PBXFileSystemSynchronizedRootGroup;
			path = Demo;
			sourceTree = "<group>";
		};
		84CE21FC2D71C3D100960F13 /* Demo Watch App */ = {
			isa = PBXFileSystemSynchronizedRootGroup;
			path = "Demo Watch App";
			sourceTree = "<group>";
		};
		84DE35742E11430500A5326A /* SettingsUITests */ = {
			isa = PBXFileSystemSynchronizedRootGroup;
			path = SettingsUITests;
			sourceTree = "<group>";
		};
/* End PBXFileSystemSynchronizedRootGroup section */

/* Begin PBXFrameworksBuildPhase section */
		842835F52E994A0E002CC697 /* Frameworks */ = {
			isa = PBXFrameworksBuildPhase;
			files = (
				84ED2C3A2EEEE94D00D85746 /* CommonUI in Frameworks */,
				842836512E994B52002CC697 /* LoggingUI in Frameworks */,
				8428364C2E994B4E002CC697 /* Logging in Frameworks */,
			);
		};
		845797692C9EED48001B833D /* Frameworks */ = {
			isa = PBXFrameworksBuildPhase;
			files = (
				8428366B2E994BC1002CC697 /* CommonDemo.framework in Frameworks */,
			);
		};
		84CE21F82D71C3D100960F13 /* Frameworks */ = {
			isa = PBXFrameworksBuildPhase;
			files = (
				842836722E994BCC002CC697 /* CommonDemo.framework in Frameworks */,
			);
		};
		84DE35702E11430500A5326A /* Frameworks */ = {
			isa = PBXFrameworksBuildPhase;
			files = (
			);
		};
/* End PBXFrameworksBuildPhase section */

/* Begin PBXGroup section */
		845797632C9EED48001B833D = {
			isa = PBXGroup;
			children = (
				842835F92E994A0E002CC697 /* CommonDemo */,
				8457976E2C9EED48001B833D /* Demo */,
				84CE21FC2D71C3D100960F13 /* Demo Watch App */,
				84DE35742E11430500A5326A /* SettingsUITests */,
				847B56932D5CC445001C7B81 /* Frameworks */,
				8457976D2C9EED48001B833D /* Products */,
			);
			sourceTree = "<group>";
		};
		8457976D2C9EED48001B833D /* Products */ = {
			isa = PBXGroup;
			children = (
				8457976C2C9EED48001B833D /* Demo.app */,
				84CE21FB2D71C3D100960F13 /* Demo Watch App.app */,
				84DE35732E11430500A5326A /* SettingsUITests.xctest */,
				842835F82E994A0E002CC697 /* CommonDemo.framework */,
			);
			name = Products;
			sourceTree = "<group>";
		};
		847B56932D5CC445001C7B81 /* Frameworks */ = {
			isa = PBXGroup;
			children = (
			);
			name = Frameworks;
			sourceTree = "<group>";
		};
/* End PBXGroup section */

/* Begin PBXHeadersBuildPhase section */
		842835F32E994A0E002CC697 /* Headers */ = {
			isa = PBXHeadersBuildPhase;
			files = (
			);
		};
/* End PBXHeadersBuildPhase section */

/* Begin PBXNativeTarget section */
		842835F72E994A0E002CC697 /* CommonDemo */ = {
			isa = PBXNativeTarget;
			buildConfigurationList = 842836092E994A0E002CC697 /* Build configuration list for PBXNativeTarget "CommonDemo" */;
			buildPhases = (
				842835F32E994A0E002CC697 /* Headers */,
				842835F42E994A0E002CC697 /* Sources */,
				842835F52E994A0E002CC697 /* Frameworks */,
				842835F62E994A0E002CC697 /* Resources */,
			);
			buildRules = (
			);
			dependencies = (
				842836C92E994D41002CC697 /* PBXTargetDependency */,
			);
			fileSystemSynchronizedGroups = (
				842835F92E994A0E002CC697 /* CommonDemo */,
			);
			name = CommonDemo;
			packageProductDependencies = (
				8428364B2E994B4E002CC697 /* Logging */,
				842836502E994B52002CC697 /* LoggingUI */,
				84ED2C392EEEE94D00D85746 /* CommonUI */,
			);
			productName = CommonDemo;
			productReference = 842835F82E994A0E002CC697 /* CommonDemo.framework */;
			productType = "com.apple.product-type.framework";
		};
		8457976B2C9EED48001B833D /* Demo */ = {
			isa = PBXNativeTarget;
			buildConfigurationList = 8457977B2C9EED49001B833D /* Build configuration list for PBXNativeTarget "Demo" */;
			buildPhases = (
				845797682C9EED48001B833D /* Sources */,
				845797692C9EED48001B833D /* Frameworks */,
				8457976A2C9EED48001B833D /* Resources */,
				84CE21A32D707D5400960F13 /* Embed Watch Content */,
				84CE21BA2D707E7300960F13 /* Embed Frameworks */,
			);
			buildRules = (
			);
			dependencies = (
				84AA7F572D563950006598D6 /* PBXTargetDependency */,
				84CE22072D71C3D200960F13 /* PBXTargetDependency */,
				8428366E2E994BC1002CC697 /* PBXTargetDependency */,
			);
			fileSystemSynchronizedGroups = (
				8457976E2C9EED48001B833D /* Demo */,
			);
			name = Demo;
			productName = Demo;
			productReference = 8457976C2C9EED48001B833D /* Demo.app */;
			productType = "com.apple.product-type.application";
		};
		84CE21FA2D71C3D100960F13 /* Demo Watch App */ = {
			isa = PBXNativeTarget;
			buildConfigurationList = 84CE22092D71C3D200960F13 /* Build configuration list for PBXNativeTarget "Demo Watch App" */;
			buildPhases = (
				84CE21F72D71C3D100960F13 /* Sources */,
				84CE21F82D71C3D100960F13 /* Frameworks */,
				84CE21F92D71C3D100960F13 /* Resources */,
				842836762E994BCC002CC697 /* Embed Frameworks */,
			);
			buildRules = (
			);
			dependencies = (
				84CE22252D71E16100960F13 /* PBXTargetDependency */,
				842836752E994BCC002CC697 /* PBXTargetDependency */,
			);
			fileSystemSynchronizedGroups = (
				84CE21FC2D71C3D100960F13 /* Demo Watch App */,
			);
			name = "Demo Watch App";
			productName = "Demo Watch App";
			productReference = 84CE21FB2D71C3D100960F13 /* Demo Watch App.app */;
			productType = "com.apple.product-type.application";
		};
		84DE35722E11430500A5326A /* SettingsUITests */ = {
			isa = PBXNativeTarget;
			buildConfigurationList = 84DE357B2E11430500A5326A /* Build configuration list for PBXNativeTarget "SettingsUITests" */;
			buildPhases = (
				84DE356F2E11430500A5326A /* Sources */,
				84DE35702E11430500A5326A /* Frameworks */,
				84DE35712E11430500A5326A /* Resources */,
			);
			buildRules = (
			);
			dependencies = (
				84DE388D2E1EAD6100A5326A /* PBXTargetDependency */,
				84DE357A2E11430500A5326A /* PBXTargetDependency */,
			);
			fileSystemSynchronizedGroups = (
				84DE35742E11430500A5326A /* SettingsUITests */,
			);
			name = SettingsUITests;
			productName = SettingsUITests;
			productReference = 84DE35732E11430500A5326A /* SettingsUITests.xctest */;
			productType = "com.apple.product-type.bundle.ui-testing";
		};
/* End PBXNativeTarget section */

/* Begin PBXProject section */
		845797642C9EED48001B833D /* Project object */ = {
			isa = PBXProject;
			attributes = {
				BuildIndependentTargetsInParallel = 1;
				LastSwiftUpdateCheck = 2600;
				LastUpgradeCheck = 2600;
				TargetAttributes = {
					842835F72E994A0E002CC697 = {
						CreatedOnToolsVersion = 26.0.1;
					};
					8457976B2C9EED48001B833D = {
						CreatedOnToolsVersion = 16.0;
					};
					84CE21FA2D71C3D100960F13 = {
						CreatedOnToolsVersion = 16.2;
					};
					84DE35722E11430500A5326A = {
						CreatedOnToolsVersion = 16.4;
						TestTargetID = 8457976B2C9EED48001B833D;
					};
				};
			};
			buildConfigurationList = 845797672C9EED48001B833D /* Build configuration list for PBXProject "Demo" */;
			developmentRegion = en;
			hasScannedForEncodings = 0;
			knownRegions = (
				en,
				Base,
			);
			mainGroup = 845797632C9EED48001B833D;
			minimizedProjectReferenceProxies = 1;
			packageReferences = (
				84AA7F552D563944006598D6 /* XCRemoteSwiftPackageReference "swift-format-plugin" */,
				8428356D2E97D4C9002CC697 /* XCLocalSwiftPackageReference "../../lib-logging-apple" */,
				84ED2C382EEEE94D00D85746 /* XCRemoteSwiftPackageReference "lib-ui-apple" */,
			);
			preferredProjectObjectVersion = 90;
			productRefGroup = 8457976D2C9EED48001B833D /* Products */;
			projectDirPath = "";
			projectRoot = "";
			targets = (
				842835F72E994A0E002CC697 /* CommonDemo */,
				8457976B2C9EED48001B833D /* Demo */,
				84CE21FA2D71C3D100960F13 /* Demo Watch App */,
				84DE35722E11430500A5326A /* SettingsUITests */,
			);
		};
/* End PBXProject section */

/* Begin PBXResourcesBuildPhase section */
		842835F62E994A0E002CC697 /* Resources */ = {
			isa = PBXResourcesBuildPhase;
			files = (
			);
		};
		8457976A2C9EED48001B833D /* Resources */ = {
			isa = PBXResourcesBuildPhase;
			files = (
			);
		};
		84CE21F92D71C3D100960F13 /* Resources */ = {
			isa = PBXResourcesBuildPhase;
			files = (
			);
		};
		84DE35712E11430500A5326A /* Resources */ = {
			isa = PBXResourcesBuildPhase;
			files = (
			);
		};
/* End PBXResourcesBuildPhase section */

/* Begin PBXSourcesBuildPhase section */
		842835F42E994A0E002CC697 /* Sources */ = {
			isa = PBXSourcesBuildPhase;
			files = (
			);
		};
		845797682C9EED48001B833D /* Sources */ = {
			isa = PBXSourcesBuildPhase;
			files = (
			);
		};
		84CE21F72D71C3D100960F13 /* Sources */ = {
			isa = PBXSourcesBuildPhase;
			files = (
			);
		};
		84DE356F2E11430500A5326A /* Sources */ = {
			isa = PBXSourcesBuildPhase;
			files = (
			);
		};
/* End PBXSourcesBuildPhase section */

/* Begin PBXTargetDependency section */
		8428366E2E994BC1002CC697 /* PBXTargetDependency */ = {
			isa = PBXTargetDependency;
			target = 842835F72E994A0E002CC697 /* CommonDemo */;
			targetProxy = 8428366D2E994BC1002CC697 /* PBXContainerItemProxy */;
		};
		842836752E994BCC002CC697 /* PBXTargetDependency */ = {
			isa = PBXTargetDependency;
			target = 842835F72E994A0E002CC697 /* CommonDemo */;
			targetProxy = 842836742E994BCC002CC697 /* PBXContainerItemProxy */;
		};
		842836C92E994D41002CC697 /* PBXTargetDependency */ = {
			isa = PBXTargetDependency;
			productRef = 842836C82E994D41002CC697 /* LintBuildPlugin */;
		};
		84AA7F572D563950006598D6 /* PBXTargetDependency */ = {
			isa = PBXTargetDependency;
			productRef = 84AA7F562D563950006598D6 /* LintBuildPlugin */;
		};
		84CE22072D71C3D200960F13 /* PBXTargetDependency */ = {
			isa = PBXTargetDependency;
			platformFilter = ios;
			target = 84CE21FA2D71C3D100960F13 /* Demo Watch App */;
			targetProxy = 84CE22062D71C3D200960F13 /* PBXContainerItemProxy */;
		};
		84CE22252D71E16100960F13 /* PBXTargetDependency */ = {
			isa = PBXTargetDependency;
			productRef = 84CE22242D71E16100960F13 /* LintBuildPlugin */;
		};
		84DE357A2E11430500A5326A /* PBXTargetDependency */ = {
			isa = PBXTargetDependency;
			target = 8457976B2C9EED48001B833D /* Demo */;
			targetProxy = 84DE35792E11430500A5326A /* PBXContainerItemProxy */;
		};
		84DE388D2E1EAD6100A5326A /* PBXTargetDependency */ = {
			isa = PBXTargetDependency;
			productRef = 84DE388C2E1EAD6100A5326A /* LintBuildPlugin */;
		};
/* End PBXTargetDependency section */

/* Begin XCBuildConfiguration section */
		8428360A2E994A0E002CC697 /* Debug configuration for PBXNativeTarget "CommonDemo" */ = {
			isa = XCBuildConfiguration;
			buildSettings = {
				ALLOW_TARGET_PLATFORM_SPECIALIZATION = YES;
				BUILD_LIBRARY_FOR_DISTRIBUTION = YES;
				CODE_SIGN_IDENTITY = "";
				CODE_SIGN_STYLE = Automatic;
				DEVELOPMENT_TEAM = 346UN3W7D8;
				DYLIB_COMPATIBILITY_VERSION = 1;
				DYLIB_CURRENT_VERSION = 1;
				DYLIB_INSTALL_NAME_BASE = "@rpath";
				ENABLE_MODULE_VERIFIER = YES;
				GENERATE_INFOPLIST_FILE = YES;
				INFOPLIST_KEY_NSHumanReadableCopyright = "";
				INSTALL_PATH = "$(LOCAL_LIBRARY_DIR)/Frameworks";
				LD_RUNPATH_SEARCH_PATHS = (
					"@executable_path/Frameworks",
					"@loader_path/Frameworks",
				);
				"LD_RUNPATH_SEARCH_PATHS[sdk=macosx*]" = (
					"@executable_path/../Frameworks",
					"@loader_path/Frameworks",
				);
				MODULE_VERIFIER_SUPPORTED_LANGUAGES = "objective-c objective-c++";
				MODULE_VERIFIER_SUPPORTED_LANGUAGE_STANDARDS = "gnu17 gnu++20";
				PRODUCT_BUNDLE_IDENTIFIER = dev.tunnicliff.CommonDemo;
				PRODUCT_NAME = "$(TARGET_NAME:c99extidentifier)";
				SDKROOT = auto;
				SKIP_INSTALL = YES;
				SUPPORTED_PLATFORMS = "appletvos appletvsimulator iphoneos iphonesimulator macosx watchos watchsimulator xros xrsimulator";
				SUPPORTS_MACCATALYST = YES;
				SWIFT_INSTALL_MODULE = YES;
				SWIFT_INSTALL_OBJC_HEADER = NO;
				TARGETED_DEVICE_FAMILY = "1,2,3,4,6,7";
			};
			name = Debug;
		};
		8428360B2E994A0E002CC697 /* Release configuration for PBXNativeTarget "CommonDemo" */ = {
			isa = XCBuildConfiguration;
			buildSettings = {
				ALLOW_TARGET_PLATFORM_SPECIALIZATION = YES;
				BUILD_LIBRARY_FOR_DISTRIBUTION = YES;
				CODE_SIGN_IDENTITY = "";
				CODE_SIGN_STYLE = Automatic;
				DEVELOPMENT_TEAM = 346UN3W7D8;
				DYLIB_COMPATIBILITY_VERSION = 1;
				DYLIB_CURRENT_VERSION = 1;
				DYLIB_INSTALL_NAME_BASE = "@rpath";
				ENABLE_MODULE_VERIFIER = YES;
				GENERATE_INFOPLIST_FILE = YES;
				INFOPLIST_KEY_NSHumanReadableCopyright = "";
				INSTALL_PATH = "$(LOCAL_LIBRARY_DIR)/Frameworks";
				LD_RUNPATH_SEARCH_PATHS = (
					"@executable_path/Frameworks",
					"@loader_path/Frameworks",
				);
				"LD_RUNPATH_SEARCH_PATHS[sdk=macosx*]" = (
					"@executable_path/../Frameworks",
					"@loader_path/Frameworks",
				);
				MODULE_VERIFIER_SUPPORTED_LANGUAGES = "objective-c objective-c++";
				MODULE_VERIFIER_SUPPORTED_LANGUAGE_STANDARDS = "gnu17 gnu++20";
				PRODUCT_BUNDLE_IDENTIFIER = dev.tunnicliff.CommonDemo;
				PRODUCT_NAME = "$(TARGET_NAME:c99extidentifier)";
				SDKROOT = auto;
				SKIP_INSTALL = YES;
				SUPPORTED_PLATFORMS = "appletvos appletvsimulator iphoneos iphonesimulator macosx watchos watchsimulator xros xrsimulator";
				SUPPORTS_MACCATALYST = YES;
				SWIFT_INSTALL_MODULE = YES;
				SWIFT_INSTALL_OBJC_HEADER = NO;
				TARGETED_DEVICE_FAMILY = "1,2,3,4,6,7";
			};
			name = Release;
		};
		845797792C9EED49001B833D /* Debug configuration for PBXProject "Demo" */ = {
			isa = XCBuildConfiguration;
			buildSettings = {
				ALWAYS_SEARCH_USER_PATHS = NO;
				ASSETCATALOG_COMPILER_GENERATE_SWIFT_ASSET_SYMBOL_EXTENSIONS = YES;
				CLANG_ANALYZER_NONNULL = YES;
				CLANG_ANALYZER_NUMBER_OBJECT_CONVERSION = YES_AGGRESSIVE;
				CLANG_CXX_LANGUAGE_STANDARD = "gnu++20";
				CLANG_ENABLE_MODULES = YES;
				CLANG_ENABLE_OBJC_ARC = YES;
				CLANG_ENABLE_OBJC_WEAK = YES;
				CLANG_WARN_BLOCK_CAPTURE_AUTORELEASING = YES;
				CLANG_WARN_BOOL_CONVERSION = YES;
				CLANG_WARN_COMMA = YES;
				CLANG_WARN_CONSTANT_CONVERSION = YES;
				CLANG_WARN_DEPRECATED_OBJC_IMPLEMENTATIONS = YES;
				CLANG_WARN_DIRECT_OBJC_ISA_USAGE = YES_ERROR;
				CLANG_WARN_DOCUMENTATION_COMMENTS = YES;
				CLANG_WARN_EMPTY_BODY = YES;
				CLANG_WARN_ENUM_CONVERSION = YES;
				CLANG_WARN_INFINITE_RECURSION = YES;
				CLANG_WARN_INT_CONVERSION = YES;
				CLANG_WARN_NON_LITERAL_NULL_CONVERSION = YES;
				CLANG_WARN_OBJC_IMPLICIT_RETAIN_SELF = YES;
				CLANG_WARN_OBJC_LITERAL_CONVERSION = YES;
				CLANG_WARN_OBJC_ROOT_CLASS = YES_ERROR;
				CLANG_WARN_QUOTED_INCLUDE_IN_FRAMEWORK_HEADER = YES;
				CLANG_WARN_RANGE_LOOP_ANALYSIS = YES;
				CLANG_WARN_STRICT_PROTOTYPES = YES;
				CLANG_WARN_SUSPICIOUS_MOVE = YES;
				CLANG_WARN_UNGUARDED_AVAILABILITY = YES_AGGRESSIVE;
				CLANG_WARN_UNREACHABLE_CODE = YES;
				CLANG_WARN__DUPLICATE_METHOD_MATCH = YES;
				COPY_PHASE_STRIP = NO;
				CURRENT_PROJECT_VERSION = 1;
				DEAD_CODE_STRIPPING = YES;
				DEBUG_INFORMATION_FORMAT = dwarf;
				DEVELOPMENT_TEAM = 346UN3W7D8;
				ENABLE_STRICT_OBJC_MSGSEND = YES;
				ENABLE_TESTABILITY = YES;
				ENABLE_USER_SCRIPT_SANDBOXING = YES;
				GCC_C_LANGUAGE_STANDARD = gnu17;
				GCC_DYNAMIC_NO_PIC = NO;
				GCC_NO_COMMON_BLOCKS = YES;
				GCC_OPTIMIZATION_LEVEL = 0;
				GCC_PREPROCESSOR_DEFINITIONS = (
					"DEBUG=1",
					"$(inherited)",
				);
				GCC_WARN_64_TO_32_BIT_CONVERSION = YES;
				GCC_WARN_ABOUT_RETURN_TYPE = YES_ERROR;
				GCC_WARN_UNDECLARED_SELECTOR = YES;
				GCC_WARN_UNINITIALIZED_AUTOS = YES_AGGRESSIVE;
				GCC_WARN_UNUSED_FUNCTION = YES;
				GCC_WARN_UNUSED_VARIABLE = YES;
				INFOPLIST_KEY_UIApplicationSceneManifest_Generation = YES;
				IPHONEOS_DEPLOYMENT_TARGET = 26.0;
				LOCALIZATION_PREFERS_STRING_CATALOGS = YES;
				MACOSX_DEPLOYMENT_TARGET = 26.0;
				MARKETING_VERSION = 1.0.0;
				MTL_ENABLE_DEBUG_INFO = INCLUDE_SOURCE;
				MTL_FAST_MATH = YES;
				ONLY_ACTIVE_ARCH = YES;
				STRING_CATALOG_GENERATE_SYMBOLS = YES;
				SWIFT_ACTIVE_COMPILATION_CONDITIONS = "DEBUG $(inherited)";
				SWIFT_APPROACHABLE_CONCURRENCY = YES;
				SWIFT_DEFAULT_ACTOR_ISOLATION = MainActor;
				SWIFT_EMIT_LOC_STRINGS = YES;
				SWIFT_OPTIMIZATION_LEVEL = "-Onone";
				SWIFT_STRICT_MEMORY_SAFETY = YES;
				SWIFT_UPCOMING_FEATURE_EXISTENTIAL_ANY = YES;
				SWIFT_UPCOMING_FEATURE_INTERNAL_IMPORTS_BY_DEFAULT = YES;
				SWIFT_UPCOMING_FEATURE_MEMBER_IMPORT_VISIBILITY = YES;
				SWIFT_VERSION = 6.0;
				TVOS_DEPLOYMENT_TARGET = 26.0;
				VERSION_INFO_SUFFIX = debug;
				WATCHOS_DEPLOYMENT_TARGET = 26.0;
				XROS_DEPLOYMENT_TARGET = 26.0;
			};
			name = Debug;
		};
		8457977A2C9EED49001B833D /* Release configuration for PBXProject "Demo" */ = {
			isa = XCBuildConfiguration;
			buildSettings = {
				ALWAYS_SEARCH_USER_PATHS = NO;
				ASSETCATALOG_COMPILER_GENERATE_SWIFT_ASSET_SYMBOL_EXTENSIONS = YES;
				CLANG_ANALYZER_NONNULL = YES;
				CLANG_ANALYZER_NUMBER_OBJECT_CONVERSION = YES_AGGRESSIVE;
				CLANG_CXX_LANGUAGE_STANDARD = "gnu++20";
				CLANG_ENABLE_MODULES = YES;
				CLANG_ENABLE_OBJC_ARC = YES;
				CLANG_ENABLE_OBJC_WEAK = YES;
				CLANG_WARN_BLOCK_CAPTURE_AUTORELEASING = YES;
				CLANG_WARN_BOOL_CONVERSION = YES;
				CLANG_WARN_COMMA = YES;
				CLANG_WARN_CONSTANT_CONVERSION = YES;
				CLANG_WARN_DEPRECATED_OBJC_IMPLEMENTATIONS = YES;
				CLANG_WARN_DIRECT_OBJC_ISA_USAGE = YES_ERROR;
				CLANG_WARN_DOCUMENTATION_COMMENTS = YES;
				CLANG_WARN_EMPTY_BODY = YES;
				CLANG_WARN_ENUM_CONVERSION = YES;
				CLANG_WARN_INFINITE_RECURSION = YES;
				CLANG_WARN_INT_CONVERSION = YES;
				CLANG_WARN_NON_LITERAL_NULL_CONVERSION = YES;
				CLANG_WARN_OBJC_IMPLICIT_RETAIN_SELF = YES;
				CLANG_WARN_OBJC_LITERAL_CONVERSION = YES;
				CLANG_WARN_OBJC_ROOT_CLASS = YES_ERROR;
				CLANG_WARN_QUOTED_INCLUDE_IN_FRAMEWORK_HEADER = YES;
				CLANG_WARN_RANGE_LOOP_ANALYSIS = YES;
				CLANG_WARN_STRICT_PROTOTYPES = YES;
				CLANG_WARN_SUSPICIOUS_MOVE = YES;
				CLANG_WARN_UNGUARDED_AVAILABILITY = YES_AGGRESSIVE;
				CLANG_WARN_UNREACHABLE_CODE = YES;
				CLANG_WARN__DUPLICATE_METHOD_MATCH = YES;
				COPY_PHASE_STRIP = NO;
				CURRENT_PROJECT_VERSION = 1;
				DEAD_CODE_STRIPPING = YES;
				DEBUG_INFORMATION_FORMAT = "dwarf-with-dsym";
				DEVELOPMENT_TEAM = 346UN3W7D8;
				ENABLE_NS_ASSERTIONS = NO;
				ENABLE_STRICT_OBJC_MSGSEND = YES;
				ENABLE_USER_SCRIPT_SANDBOXING = YES;
				GCC_C_LANGUAGE_STANDARD = gnu17;
				GCC_NO_COMMON_BLOCKS = YES;
				GCC_WARN_64_TO_32_BIT_CONVERSION = YES;
				GCC_WARN_ABOUT_RETURN_TYPE = YES_ERROR;
				GCC_WARN_UNDECLARED_SELECTOR = YES;
				GCC_WARN_UNINITIALIZED_AUTOS = YES_AGGRESSIVE;
				GCC_WARN_UNUSED_FUNCTION = YES;
				GCC_WARN_UNUSED_VARIABLE = YES;
				INFOPLIST_KEY_UIApplicationSceneManifest_Generation = YES;
				IPHONEOS_DEPLOYMENT_TARGET = 26.0;
				LOCALIZATION_PREFERS_STRING_CATALOGS = YES;
				MACOSX_DEPLOYMENT_TARGET = 26.0;
				MARKETING_VERSION = 1.0.0;
				MTL_ENABLE_DEBUG_INFO = NO;
				MTL_FAST_MATH = YES;
				STRING_CATALOG_GENERATE_SYMBOLS = YES;
				SWIFT_APPROACHABLE_CONCURRENCY = YES;
				SWIFT_COMPILATION_MODE = wholemodule;
				SWIFT_DEFAULT_ACTOR_ISOLATION = MainActor;
				SWIFT_EMIT_LOC_STRINGS = YES;
				SWIFT_STRICT_MEMORY_SAFETY = YES;
				SWIFT_UPCOMING_FEATURE_EXISTENTIAL_ANY = YES;
				SWIFT_UPCOMING_FEATURE_INTERNAL_IMPORTS_BY_DEFAULT = YES;
				SWIFT_UPCOMING_FEATURE_MEMBER_IMPORT_VISIBILITY = YES;
				SWIFT_VERSION = 6.0;
				TVOS_DEPLOYMENT_TARGET = 26.0;
				WATCHOS_DEPLOYMENT_TARGET = 26.0;
				XROS_DEPLOYMENT_TARGET = 26.0;
			};
			name = Release;
		};
		8457977C2C9EED49001B833D /* Debug configuration for PBXNativeTarget "Demo" */ = {
			isa = XCBuildConfiguration;
			buildSettings = {
				ASSETCATALOG_COMPILER_APPICON_NAME = AppIcon;
				ASSETCATALOG_COMPILER_GLOBAL_ACCENT_COLOR_NAME = AccentColor;
				CODE_SIGN_ENTITLEMENTS = Demo/Demo.entitlements;
				CODE_SIGN_STYLE = Automatic;
				DEVELOPMENT_ASSET_PATHS = "\"Demo/Preview Content\"";
				ENABLE_HARDENED_RUNTIME = YES;
				ENABLE_PREVIEWS = YES;
				GENERATE_INFOPLIST_FILE = YES;
				INFOPLIST_KEY_LSApplicationCategoryType = "public.app-category.developer-tools";
				"INFOPLIST_KEY_UIApplicationSupportsIndirectInputEvents[sdk=iphoneos*]" = YES;
				"INFOPLIST_KEY_UIApplicationSupportsIndirectInputEvents[sdk=iphonesimulator*]" = YES;
				"INFOPLIST_KEY_UILaunchScreen_Generation[sdk=iphoneos*]" = YES;
				"INFOPLIST_KEY_UILaunchScreen_Generation[sdk=iphonesimulator*]" = YES;
				"INFOPLIST_KEY_UIStatusBarStyle[sdk=iphoneos*]" = UIStatusBarStyleDefault;
				"INFOPLIST_KEY_UIStatusBarStyle[sdk=iphonesimulator*]" = UIStatusBarStyleDefault;
				INFOPLIST_KEY_UISupportedInterfaceOrientations_iPad = "UIInterfaceOrientationPortrait UIInterfaceOrientationPortraitUpsideDown UIInterfaceOrientationLandscapeLeft UIInterfaceOrientationLandscapeRight";
				INFOPLIST_KEY_UISupportedInterfaceOrientations_iPhone = "UIInterfaceOrientationPortrait UIInterfaceOrientationLandscapeLeft UIInterfaceOrientationLandscapeRight";
				LD_RUNPATH_SEARCH_PATHS = "@executable_path/Frameworks";
				"LD_RUNPATH_SEARCH_PATHS[sdk=macosx*]" = "@executable_path/../Frameworks";
				PRODUCT_BUNDLE_IDENTIFIER = dev.tunnicliff.Logging.Demo;
				PRODUCT_NAME = "$(TARGET_NAME)";
				SDKROOT = auto;
				SUPPORTED_PLATFORMS = "appletvos appletvsimulator iphoneos iphonesimulator macosx xros xrsimulator";
				SUPPORTS_MACCATALYST = NO;
				SWIFT_EMIT_LOC_STRINGS = YES;
				TARGETED_DEVICE_FAMILY = "1,2,3,7";
			};
			name = Debug;
		};
		8457977D2C9EED49001B833D /* Release configuration for PBXNativeTarget "Demo" */ = {
			isa = XCBuildConfiguration;
			buildSettings = {
				ASSETCATALOG_COMPILER_APPICON_NAME = AppIcon;
				ASSETCATALOG_COMPILER_GLOBAL_ACCENT_COLOR_NAME = AccentColor;
				CODE_SIGN_ENTITLEMENTS = Demo/Demo.entitlements;
				CODE_SIGN_STYLE = Automatic;
				DEVELOPMENT_ASSET_PATHS = "\"Demo/Preview Content\"";
				ENABLE_HARDENED_RUNTIME = YES;
				ENABLE_PREVIEWS = YES;
				GENERATE_INFOPLIST_FILE = YES;
				INFOPLIST_KEY_LSApplicationCategoryType = "public.app-category.developer-tools";
				"INFOPLIST_KEY_UIApplicationSupportsIndirectInputEvents[sdk=iphoneos*]" = YES;
				"INFOPLIST_KEY_UIApplicationSupportsIndirectInputEvents[sdk=iphonesimulator*]" = YES;
				"INFOPLIST_KEY_UILaunchScreen_Generation[sdk=iphoneos*]" = YES;
				"INFOPLIST_KEY_UILaunchScreen_Generation[sdk=iphonesimulator*]" = YES;
				"INFOPLIST_KEY_UIStatusBarStyle[sdk=iphoneos*]" = UIStatusBarStyleDefault;
				"INFOPLIST_KEY_UIStatusBarStyle[sdk=iphonesimulator*]" = UIStatusBarStyleDefault;
				INFOPLIST_KEY_UISupportedInterfaceOrientations_iPad = "UIInterfaceOrientationPortrait UIInterfaceOrientationPortraitUpsideDown UIInterfaceOrientationLandscapeLeft UIInterfaceOrientationLandscapeRight";
				INFOPLIST_KEY_UISupportedInterfaceOrientations_iPhone = "UIInterfaceOrientationPortrait UIInterfaceOrientationLandscapeLeft UIInterfaceOrientationLandscapeRight";
				LD_RUNPATH_SEARCH_PATHS = "@executable_path/Frameworks";
				"LD_RUNPATH_SEARCH_PATHS[sdk=macosx*]" = "@executable_path/../Frameworks";
				PRODUCT_BUNDLE_IDENTIFIER = dev.tunnicliff.Logging.Demo;
				PRODUCT_NAME = "$(TARGET_NAME)";
				SDKROOT = auto;
				SUPPORTED_PLATFORMS = "appletvos appletvsimulator iphoneos iphonesimulator macosx xros xrsimulator";
				SUPPORTS_MACCATALYST = NO;
				SWIFT_EMIT_LOC_STRINGS = YES;
				TARGETED_DEVICE_FAMILY = "1,2,3,7";
			};
			name = Release;
		};
		84CE220A2D71C3D200960F13 /* Debug configuration for PBXNativeTarget "Demo Watch App" */ = {
			isa = XCBuildConfiguration;
			buildSettings = {
				ASSETCATALOG_COMPILER_APPICON_NAME = AppIcon;
				ASSETCATALOG_COMPILER_GLOBAL_ACCENT_COLOR_NAME = AccentColor;
				CODE_SIGN_STYLE = Automatic;
				DEVELOPMENT_ASSET_PATHS = "\"Demo Watch App/Preview Content\"";
				ENABLE_PREVIEWS = YES;
				GENERATE_INFOPLIST_FILE = YES;
				INFOPLIST_KEY_CFBundleDisplayName = DemoWatch;
				INFOPLIST_KEY_UISupportedInterfaceOrientations = "UIInterfaceOrientationPortrait UIInterfaceOrientationPortraitUpsideDown";
				INFOPLIST_KEY_WKCompanionAppBundleIdentifier = dev.tunnicliff.Logging.Demo;
				INFOPLIST_KEY_WKRunsIndependentlyOfCompanionApp = YES;
				LD_RUNPATH_SEARCH_PATHS = (
					"$(inherited)",
					"@executable_path/Frameworks",
				);
				PRODUCT_BUNDLE_IDENTIFIER = dev.tunnicliff.Logging.Demo.watchkitapp;
				PRODUCT_NAME = "$(TARGET_NAME)";
				SDKROOT = watchos;
				SKIP_INSTALL = YES;
				SWIFT_EMIT_LOC_STRINGS = YES;
				TARGETED_DEVICE_FAMILY = 4;
			};
			name = Debug;
		};
		84CE220B2D71C3D200960F13 /* Release configuration for PBXNativeTarget "Demo Watch App" */ = {
			isa = XCBuildConfiguration;
			buildSettings = {
				ASSETCATALOG_COMPILER_APPICON_NAME = AppIcon;
				ASSETCATALOG_COMPILER_GLOBAL_ACCENT_COLOR_NAME = AccentColor;
				CODE_SIGN_STYLE = Automatic;
				DEVELOPMENT_ASSET_PATHS = "\"Demo Watch App/Preview Content\"";
				ENABLE_PREVIEWS = YES;
				GENERATE_INFOPLIST_FILE = YES;
				INFOPLIST_KEY_CFBundleDisplayName = DemoWatch;
				INFOPLIST_KEY_UISupportedInterfaceOrientations = "UIInterfaceOrientationPortrait UIInterfaceOrientationPortraitUpsideDown";
				INFOPLIST_KEY_WKCompanionAppBundleIdentifier = dev.tunnicliff.Logging.Demo;
				INFOPLIST_KEY_WKRunsIndependentlyOfCompanionApp = YES;
				LD_RUNPATH_SEARCH_PATHS = (
					"$(inherited)",
					"@executable_path/Frameworks",
				);
				PRODUCT_BUNDLE_IDENTIFIER = dev.tunnicliff.Logging.Demo.watchkitapp;
				PRODUCT_NAME = "$(TARGET_NAME)";
				SDKROOT = watchos;
				SKIP_INSTALL = YES;
				SWIFT_EMIT_LOC_STRINGS = YES;
				TARGETED_DEVICE_FAMILY = 4;
				VALIDATE_PRODUCT = YES;
			};
			name = Release;
		};
		84DE357C2E11430500A5326A /* Debug configuration for PBXNativeTarget "SettingsUITests" */ = {
			isa = XCBuildConfiguration;
			buildSettings = {
				CODE_SIGN_STYLE = Automatic;
				DEVELOPMENT_TEAM = 346UN3W7D8;
				GENERATE_INFOPLIST_FILE = YES;
				PRODUCT_BUNDLE_IDENTIFIER = dev.tunnicliff.SettingsUITests;
				PRODUCT_NAME = "$(TARGET_NAME)";
				SDKROOT = iphoneos;
				TARGETED_DEVICE_FAMILY = "1,2";
				TEST_TARGET_NAME = Demo;
			};
			name = Debug;
		};
		84DE357D2E11430500A5326A /* Release configuration for PBXNativeTarget "SettingsUITests" */ = {
			isa = XCBuildConfiguration;
			buildSettings = {
				CODE_SIGN_STYLE = Automatic;
				DEVELOPMENT_TEAM = 346UN3W7D8;
				GENERATE_INFOPLIST_FILE = YES;
				PRODUCT_BUNDLE_IDENTIFIER = dev.tunnicliff.SettingsUITests;
				PRODUCT_NAME = "$(TARGET_NAME)";
				SDKROOT = iphoneos;
				TARGETED_DEVICE_FAMILY = "1,2";
				TEST_TARGET_NAME = Demo;
				VALIDATE_PRODUCT = YES;
			};
			name = Release;
		};
/* End XCBuildConfiguration section */

/* Begin XCConfigurationList section */
		842836092E994A0E002CC697 /* Build configuration list for PBXNativeTarget "CommonDemo" */ = {
			isa = XCConfigurationList;
			buildConfigurations = (
				8428360A2E994A0E002CC697 /* Debug configuration for PBXNativeTarget "CommonDemo" */,
				8428360B2E994A0E002CC697 /* Release configuration for PBXNativeTarget "CommonDemo" */,
			);
			defaultConfigurationName = Release;
		};
		845797672C9EED48001B833D /* Build configuration list for PBXProject "Demo" */ = {
			isa = XCConfigurationList;
			buildConfigurations = (
				845797792C9EED49001B833D /* Debug configuration for PBXProject "Demo" */,
				8457977A2C9EED49001B833D /* Release configuration for PBXProject "Demo" */,
			);
			defaultConfigurationName = Release;
		};
		8457977B2C9EED49001B833D /* Build configuration list for PBXNativeTarget "Demo" */ = {
			isa = XCConfigurationList;
			buildConfigurations = (
				8457977C2C9EED49001B833D /* Debug configuration for PBXNativeTarget "Demo" */,
				8457977D2C9EED49001B833D /* Release configuration for PBXNativeTarget "Demo" */,
			);
			defaultConfigurationName = Release;
		};
		84CE22092D71C3D200960F13 /* Build configuration list for PBXNativeTarget "Demo Watch App" */ = {
			isa = XCConfigurationList;
			buildConfigurations = (
				84CE220A2D71C3D200960F13 /* Debug configuration for PBXNativeTarget "Demo Watch App" */,
				84CE220B2D71C3D200960F13 /* Release configuration for PBXNativeTarget "Demo Watch App" */,
			);
			defaultConfigurationName = Release;
		};
		84DE357B2E11430500A5326A /* Build configuration list for PBXNativeTarget "SettingsUITests" */ = {
			isa = XCConfigurationList;
			buildConfigurations = (
				84DE357C2E11430500A5326A /* Debug configuration for PBXNativeTarget "SettingsUITests" */,
				84DE357D2E11430500A5326A /* Release configuration for PBXNativeTarget "SettingsUITests" */,
			);
			defaultConfigurationName = Release;
		};
/* End XCConfigurationList section */

/* Begin XCLocalSwiftPackageReference section */
		8428356D2E97D4C9002CC697 /* XCLocalSwiftPackageReference "../../lib-logging-apple" */ = {
			isa = XCLocalSwiftPackageReference;
			relativePath = "../../lib-logging-apple";
		};
/* End XCLocalSwiftPackageReference section */

/* Begin XCRemoteSwiftPackageReference section */
		84AA7F552D563944006598D6 /* XCRemoteSwiftPackageReference "swift-format-plugin" */ = {
			isa = XCRemoteSwiftPackageReference;
			repositoryURL = "https://github.com/Brent-Tunnicliff/swift-format-plugin";
			requirement = {
				kind = upToNextMajorVersion;
				minimumVersion = 2.0.0;
			};
		};
		84ED2C382EEEE94D00D85746 /* XCRemoteSwiftPackageReference "lib-ui-apple" */ = {
			isa = XCRemoteSwiftPackageReference;
			repositoryURL = "https://github.com/Brent-Tunnicliff/lib-ui-apple";
			requirement = {
				branch = main;
				kind = branch;
			};
		};
/* End XCRemoteSwiftPackageReference section */

/* Begin XCSwiftPackageProductDependency section */
		8428364B2E994B4E002CC697 /* Logging */ = {
			isa = XCSwiftPackageProductDependency;
			package = 8428356D2E97D4C9002CC697 /* XCLocalSwiftPackageReference "../../lib-logging-apple" */;
			productName = Logging;
		};
		842836502E994B52002CC697 /* LoggingUI */ = {
			isa = XCSwiftPackageProductDependency;
			package = 8428356D2E97D4C9002CC697 /* XCLocalSwiftPackageReference "../../lib-logging-apple" */;
			productName = LoggingUI;
		};
		842836C82E994D41002CC697 /* LintBuildPlugin */ = {
			isa = XCSwiftPackageProductDependency;
			package = 84AA7F552D563944006598D6 /* XCRemoteSwiftPackageReference "swift-format-plugin" */;
			productName = "plugin:LintBuildPlugin";
		};
		84AA7F562D563950006598D6 /* LintBuildPlugin */ = {
			isa = XCSwiftPackageProductDependency;
			package = 84AA7F552D563944006598D6 /* XCRemoteSwiftPackageReference "swift-format-plugin" */;
			productName = "plugin:LintBuildPlugin";
		};
		84CE22242D71E16100960F13 /* LintBuildPlugin */ = {
			isa = XCSwiftPackageProductDependency;
			package = 84AA7F552D563944006598D6 /* XCRemoteSwiftPackageReference "swift-format-plugin" */;
			productName = "plugin:LintBuildPlugin";
		};
		84DE388C2E1EAD6100A5326A /* LintBuildPlugin */ = {
			isa = XCSwiftPackageProductDependency;
			package = 84AA7F552D563944006598D6 /* XCRemoteSwiftPackageReference "swift-format-plugin" */;
			productName = "plugin:LintBuildPlugin";
		};
		84ED2C392EEEE94D00D85746 /* CommonUI */ = {
			isa = XCSwiftPackageProductDependency;
			package = 84ED2C382EEEE94D00D85746 /* XCRemoteSwiftPackageReference "lib-ui-apple" */;
			productName = CommonUI;
		};
/* End XCSwiftPackageProductDependency section */
	};
	rootObject = 845797642C9EED48001B833D /* Project object */;
}
